{
  "requires": true,
  "lockfileVersion": 1,
  "dependencies": {
    "@angular/animations": {
      "version": "10.1.6",
      "resolved": "https://registry.npmjs.org/@angular/animations/-/animations-10.1.6.tgz",
      "integrity": "sha512-XMTribgDJOb7hxK3e39yjm/Ez7qdP7SHQuei6dT2cDQKHMNflstDM2MWF8sXonzrniVgNKwiRaCx7UTx21azGQ==",
      "requires": {
        "tslib": "^2.0.0"
      }
    },
    "angular-font-awesome": {
      "version": "3.1.2",
      "resolved": "https://registry.npmjs.org/angular-font-awesome/-/angular-font-awesome-3.1.2.tgz",
      "integrity": "sha1-k3hzJhLY6MceDXwvqg+t3H+Fjsk="
    },
    "font-awesome": {
      "version": "4.7.0",
      "resolved": "https://registry.npmjs.org/font-awesome/-/font-awesome-4.7.0.tgz",
      "integrity": "sha1-j6jPBBGhoxr9B7BtKQK7n8gVoTM="
    },
    "ngx-toastr": {
      "version": "13.1.0",
      "resolved": "https://registry.npmjs.org/ngx-toastr/-/ngx-toastr-13.1.0.tgz",
      "integrity": "sha512-TS4rIfg/oPmmjKadsXLSNIN/A9LktcYPZayGhqLpzcjMud7XLLubLqbrmnH34UakMrUq6QCXXYYiU0QTMW5Qhw==",
      "requires": {
        "tslib": "^2.0.0"
      }
    },
    "tslib": {
      "version": "2.0.3",
      "resolved": "https://registry.npmjs.org/tslib/-/tslib-2.0.3.tgz",
      "integrity": "sha512-uZtkfKblCEQtZKBF6EBXVZeQNl82yqtDQdv+eck8u7tdPxjLu2/lp5/uPW+um2tpuxINHWy3GhiccY7QgEaVHQ=="
    }
  }
}
